// !$*UTF8*$!
{
	archiveVersion = 1;
	classes = {
	};
	objectVersion = 46;
	objects = {

/* Begin PBXBuildFile section */
		195CC87B1CD0A78B007B93AB /* AppDelegate.swift in Sources */ = {isa = PBXBuildFile; fileRef = 195CC87A1CD0A78B007B93AB /* AppDelegate.swift */; };
		195CC87D1CD0A78B007B93AB /* ViewController.swift in Sources */ = {isa = PBXBuildFile; fileRef = 195CC87C1CD0A78B007B93AB /* ViewController.swift */; };
		195CC8801CD0A78B007B93AB /* Main.storyboard in Resources */ = {isa = PBXBuildFile; fileRef = 195CC87E1CD0A78B007B93AB /* Main.storyboard */; };
		195CC8821CD0A78B007B93AB /* Assets.xcassets in Resources */ = {isa = PBXBuildFile; fileRef = 195CC8811CD0A78B007B93AB /* Assets.xcassets */; };
		195CC8851CD0A78B007B93AB /* LaunchScreen.storyboard in Resources */ = {isa = PBXBuildFile; fileRef = 195CC8831CD0A78B007B93AB /* LaunchScreen.storyboard */; };
		195CC88D1CD0AC1F007B93AB /* ContainerViewController.swift in Sources */ = {isa = PBXBuildFile; fileRef = 195CC88C1CD0AC1F007B93AB /* ContainerViewController.swift */; };
		195CC88F1CD0B6AE007B93AB /* MenuViewController.swift in Sources */ = {isa = PBXBuildFile; fileRef = 195CC88E1CD0B6AE007B93AB /* MenuViewController.swift */; };
		195CC8911CD0B6C4007B93AB /* DetailViewController.swift in Sources */ = {isa = PBXBuildFile; fileRef = 195CC8901CD0B6C4007B93AB /* DetailViewController.swift */; };
		195CC8931CD0B845007B93AB /* MenuItemCell.swift in Sources */ = {isa = PBXBuildFile; fileRef = 195CC8921CD0B845007B93AB /* MenuItemCell.swift */; };
		195CC8951CD0BABE007B93AB /* MenuItems.plist in Resources */ = {isa = PBXBuildFile; fileRef = 195CC8941CD0BABE007B93AB /* MenuItems.plist */; };
		195CC8971CD0BACD007B93AB /* HamburgerView.swift in Sources */ = {isa = PBXBuildFile; fileRef = 195CC8961CD0BACD007B93AB /* HamburgerView.swift */; };
		195CC8991CD0BAD2007B93AB /* Extensions.swift in Sources */ = {isa = PBXBuildFile; fileRef = 195CC8981CD0BAD2007B93AB /* Extensions.swift */; };
/* End PBXBuildFile section */

/* Begin PBXFileReference section */
		195CC8771CD0A78B007B93AB /* menu3d.app */ = {isa = PBXFileReference; explicitFileType = wrapper.application; includeInIndex = 0; path = menu3d.app; sourceTree = BUILT_PRODUCTS_DIR; };
		195CC87A1CD0A78B007B93AB /* AppDelegate.swift */ = {isa = PBXFileReference; lastKnownFileType = sourcecode.swift; path = AppDelegate.swift; sourceTree = "<group>"; };
		195CC87C1CD0A78B007B93AB /* ViewController.swift */ = {isa = PBXFileReference; lastKnownFileType = sourcecode.swift; path = ViewController.swift; sourceTree = "<group>"; };
		195CC87F1CD0A78B007B93AB /* Base */ = {isa = PBXFileReference; lastKnownFileType = file.storyboard; name = Base; path = Base.lproj/Main.storyboard; sourceTree = "<group>"; };
		195CC8811CD0A78B007B93AB /* Assets.xcassets */ = {isa = PBXFileReference; lastKnownFileType = folder.assetcatalog; path = Assets.xcassets; sourceTree = "<group>"; };
		195CC8841CD0A78B007B93AB /* Base */ = {isa = PBXFileReference; lastKnownFileType = file.storyboard; name = Base; path = Base.lproj/LaunchScreen.storyboard; sourceTree = "<group>"; };
		195CC8861CD0A78B007B93AB /* Info.plist */ = {isa = PBXFileReference; lastKnownFileType = text.plist.xml; path = Info.plist; sourceTree = "<group>"; };
		195CC88C1CD0AC1F007B93AB /* ContainerViewController.swift */ = {isa = PBXFileReference; fileEncoding = 4; lastKnownFileType = sourcecode.swift; path = ContainerViewController.swift; sourceTree = "<group>"; };
		195CC88E1CD0B6AE007B93AB /* MenuViewController.swift */ = {isa = PBXFileReference; fileEncoding = 4; lastKnownFileType = sourcecode.swift; path = MenuViewController.swift; sourceTree = "<group>"; };
		195CC8901CD0B6C4007B93AB /* DetailViewController.swift */ = {isa = PBXFileReference; fileEncoding = 4; lastKnownFileType = sourcecode.swift; path = DetailViewController.swift; sourceTree = "<group>"; };
		195CC8921CD0B845007B93AB /* MenuItemCell.swift */ = {isa = PBXFileReference; fileEncoding = 4; lastKnownFileType = sourcecode.swift; path = MenuItemCell.swift; sourceTree = "<group>"; };
		195CC8941CD0BABE007B93AB /* MenuItems.plist */ = {isa = PBXFileReference; fileEncoding = 4; lastKnownFileType = text.plist.xml; path = MenuItems.plist; sourceTree = "<group>"; };
		195CC8961CD0BACD007B93AB /* HamburgerView.swift */ = {isa = PBXFileReference; fileEncoding = 4; lastKnownFileType = sourcecode.swift; path = HamburgerView.swift; sourceTree = "<group>"; };
		195CC8981CD0BAD2007B93AB /* Extensions.swift */ = {isa = PBXFileReference; fileEncoding = 4; lastKnownFileType = sourcecode.swift; path = Extensions.swift; sourceTree = "<group>"; };
/* End PBXFileReference section */

/* Begin PBXFrameworksBuildPhase section */
		195CC8741CD0A78B007B93AB /* Frameworks */ = {
			isa = PBXFrameworksBuildPhase;
			buildActionMask = 2147483647;
			files = (
			);
			runOnlyForDeploymentPostprocessing = 0;
		};
/* End PBXFrameworksBuildPhase section */

/* Begin PBXGroup section */
		195CC86E1CD0A78B007B93AB = {
			isa = PBXGroup;
			children = (
				195CC8791CD0A78B007B93AB /* menu3d */,
				195CC8781CD0A78B007B93AB /* Products */,
			);
			sourceTree = "<group>";
		};
		195CC8781CD0A78B007B93AB /* Products */ = {
			isa = PBXGroup;
			children = (
				195CC8771CD0A78B007B93AB /* menu3d.app */,
			);
			name = Products;
			sourceTree = "<group>";
		};
		195CC8791CD0A78B007B93AB /* menu3d */ = {
			isa = PBXGroup;
			children = (
				195CC87A1CD0A78B007B93AB /* AppDelegate.swift */,
				195CC87C1CD0A78B007B93AB /* ViewController.swift */,
				195CC88C1CD0AC1F007B93AB /* ContainerViewController.swift */,
				195CC88E1CD0B6AE007B93AB /* MenuViewController.swift */,
				195CC8901CD0B6C4007B93AB /* DetailViewController.swift */,
				195CC8921CD0B845007B93AB /* MenuItemCell.swift */,
				195CC8961CD0BACD007B93AB /* HamburgerView.swift */,
				195CC8981CD0BAD2007B93AB /* Extensions.swift */,
				195CC87E1CD0A78B007B93AB /* Main.storyboard */,
				195CC8941CD0BABE007B93AB /* MenuItems.plist */,
				195CC8811CD0A78B007B93AB /* Assets.xcassets */,
				195CC8831CD0A78B007B93AB /* LaunchScreen.storyboard */,
				195CC8861CD0A78B007B93AB /* Info.plist */,
			);
			path = menu3d;
			sourceTree = "<group>";
		};
/* End PBXGroup section */

/* Begin PBXNativeTarget section */
		195CC8761CD0A78B007B93AB /* menu3d */ = {
			isa = PBXNativeTarget;
			buildConfigurationList = 195CC8891CD0A78B007B93AB /* Build configuration list for PBXNativeTarget "menu3d" */;
			buildPhases = (
				195CC8731CD0A78B007B93AB /* Sources */,
				195CC8741CD0A78B007B93AB /* Frameworks */,
				195CC8751CD0A78B007B93AB /* Resources */,
			);
			buildRules = (
			);
			dependencies = (
			);
			name = menu3d;
			productName = menu3d;
			productReference = 195CC8771CD0A78B007B93AB /* menu3d.app */;
			productType = "com.apple.product-type.application";
		};
/* End PBXNativeTarget section */

/* Begin PBXProject section */
		195CC86F1CD0A78B007B93AB /* Project object */ = {
			isa = PBXProject;
			attributes = {
				LastSwiftUpdateCheck = 0720;
				LastUpgradeCheck = 0720;
				ORGANIZATIONNAME = tq;
				TargetAttributes = {
					195CC8761CD0A78B007B93AB = {
						CreatedOnToolsVersion = 7.2;
					};
				};
			};
			buildConfigurationList = 195CC8721CD0A78B007B93AB /* Build configuration list for PBXProject "menu3d" */;
			compatibilityVersion = "Xcode 3.2";
			developmentRegion = English;
			hasScannedForEncodings = 0;
			knownRegions = (
				en,
				Base,
			);
			mainGroup = 195CC86E1CD0A78B007B93AB;
			productRefGroup = 195CC8781CD0A78B007B93AB /* Products */;
			projectDirPath = "";
			projectRoot = "";
			targets = (
				195CC8761CD0A78B007B93AB /* menu3d */,
			);
		};
/* End PBXProject section */

/* Begin PBXResourcesBuildPhase section */
		195CC8751CD0A78B007B93AB /* Resources */ = {
			isa = PBXResourcesBuildPhase;
			buildActionMask = 2147483647;
			files = (
				195CC8951CD0BABE007B93AB /* MenuItems.plist in Resources */,
				195CC8851CD0A78B007B93AB /* LaunchScreen.storyboard in Resources */,
				195CC8821CD0A78B007B93AB /* Assets.xcassets in Resources */,
				195CC8801CD0A78B007B93AB /* Main.storyboard in Resources */,
			);
			runOnlyForDeploymentPostprocessing = 0;
		};
/* End PBXResourcesBuildPhase section */

/* Begin PBXSourcesBuildPhase section */
		195CC8731CD0A78B007B93AB /* Sources */ = {
			isa = PBXSourcesBuildPhase;
			buildActionMask = 2147483647;
			files = (
				195CC87D1CD0A78B007B93AB /* ViewController.swift in Sources */,
				195CC88D1CD0AC1F007B93AB /* ContainerViewController.swift in Sources */,
				195CC8911CD0B6C4007B93AB /* DetailViewController.swift in Sources */,
				195CC8991CD0BAD2007B93AB /* Extensions.swift in Sources */,
				195CC8931CD0B845007B93AB /* MenuItemCell.swift in Sources */,
				195CC8971CD0BACD007B93AB /* HamburgerView.swift in Sources */,
				195CC87B1CD0A78B007B93AB /* AppDelegate.swift in Sources */,
				195CC88F1CD0B6AE007B93AB /* MenuViewController.swift in Sources */,
			);
			runOnlyForDeploymentPostprocessing = 0;
		};
/* End PBXSourcesBuildPhase section */

/* Begin PBXVariantGroup section */
		195CC87E1CD0A78B007B93AB /* Main.storyboard */ = {
			isa = PBXVariantGroup;
			children = (
				195CC87F1CD0A78B007B93AB /* Base */,
			);
			name = Main.storyboard;
			sourceTree = "<group>";
		};
		195CC8831CD0A78B007B93AB /* LaunchScreen.storyboard */ = {
			isa = PBXVariantGroup;
			children = (
				195CC8841CD0A78B007B93AB /* Base */,
			);
			name = LaunchScreen.storyboard;
			sourceTree = "<group>";
		};
/* End PBXVariantGroup section */

/* Begin XCBuildConfiguration section */
		195CC8871CD0A78B007B93AB /* Debug */ = {
			isa = XCBuildConfiguration;
			buildSettings = {
				ALWAYS_SEARCH_USER_PATHS = NO;
				CLANG_CXX_LANGUAGE_STANDARD = "gnu++0x";
				CLANG_CXX_LIBRARY = "libc++";
				CLANG_ENABLE_MODULES = YES;
				CLANG_ENABLE_OBJC_ARC = YES;
				CLANG_WARN_BOOL_CONVERSION = YES;
				CLANG_WARN_CONSTANT_CONVERSION = YES;
				CLANG_WARN_DIRECT_OBJC_ISA_USAGE = YES_ERROR;
				CLANG_WARN_EMPTY_BODY = YES;
				CLANG_WARN_ENUM_CONVERSION = YES;
				CLANG_WARN_INT_CONVERSION = YES;
				CLANG_WARN_OBJC_ROOT_CLASS = YES_ERROR;
				CLANG_WARN_UNREACHABLE_CODE = YES;
				CLANG_WARN__DUPLICATE_METHOD_MATCH = YES;
				"CODE_SIGN_IDENTITY[sdk=iphoneos*]" = "iPhone Developer";
				COPY_PHASE_STRIP = NO;
				DEBUG_INFORMATION_FORMAT = dwarf;
				ENABLE_STRICT_OBJC_MSGSEND = YES;
				ENABLE_TESTABILITY = YES;
				GCC_C_LANGUAGE_STANDARD = gnu99;
				GCC_DYNAMIC_NO_PIC = NO;
				GCC_NO_COMMON_BLOCKS = YES;
				GCC_OPTIMIZATION_LEVEL = 0;
				GCC_PREPROCESSOR_DEFINITIONS = (
					"DEBUG=1",
					"$(inherited)",
				);
				GCC_WARN_64_TO_32_BIT_CONVERSION = YES;
				GCC_WARN_ABOUT_RETURN_TYPE = YES_ERROR;
				GCC_WARN_UNDECLARED_SELECTOR = YES;
				GCC_WARN_UNINITIALIZED_AUTOS = YES_AGGRESSIVE;
				GCC_WARN_UNUSED_FUNCTION = YES;
				GCC_WARN_UNUSED_VARIABLE = YES;
				IPHONEOS_DEPLOYMENT_TARGET = 9.2;
				MTL_ENABLE_DEBUG_INFO = YES;
				ONLY_ACTIVE_ARCH = YES;
				SDKROOT = iphoneos;
				SWIFT_OPTIMIZATION_LEVEL = "-Onone";
				TARGETED_DEVICE_FAMILY = "1,2";
			};
			name = Debug;
		};
		195CC8881CD0A78B007B93AB /* Release */ = {
			isa = XCBuildConfiguration;
			buildSettings = {
				ALWAYS_SEARCH_USER_PATHS = NO;
				CLANG_CXX_LANGUAGE_STANDARD = "gnu++0x";
				CLANG_CXX_LIBRARY = "libc++";
				CLANG_ENABLE_MODULES = YES;
				CLANG_ENABLE_OBJC_ARC = YES;
				CLANG_WARN_BOOL_CONVERSION = YES;
				CLANG_WARN_CONSTANT_CONVERSION = YES;
				CLANG_WARN_DIRECT_OBJC_ISA_USAGE = YES_ERROR;
				CLANG_WARN_EMPTY_BODY = YES;
				CLANG_WARN_ENUM_CONVERSION = YES;
				CLANG_WARN_INT_CONVERSION = YES;
				CLANG_WARN_OBJC_ROOT_CLASS = YES_ERROR;
				CLANG_WARN_UNREACHABLE_CODE = YES;
				CLANG_WARN__DUPLICATE_METHOD_MATCH = YES;
				"CODE_SIGN_IDENTITY[sdk=iphoneos*]" = "iPhone Developer";
				COPY_PHASE_STRIP = NO;
				DEBUG_INFORMATION_FORMAT = "dwarf-with-dsym";
				ENABLE_NS_ASSERTIONS = NO;
				ENABLE_STRICT_OBJC_MSGSEND = YES;
				GCC_C_LANGUAGE_STANDARD = gnu99;
				GCC_NO_COMMON_BLOCKS = YES;
				GCC_WARN_64_TO_32_BIT_CONVERSION = YES;
				GCC_WARN_ABOUT_RETURN_TYPE = YES_ERROR;
				GCC_WARN_UNDECLARED_SELECTOR = YES;
				GCC_WARN_UNINITIALIZED_AUTOS = YES_AGGRESSIVE;
				GCC_WARN_UNUSED_FUNCTION = YES;
				GCC_WARN_UNUSED_VARIABLE = YES;
				IPHONEOS_DEPLOYMENT_TARGET = 9.2;
				MTL_ENABLE_DEBUG_INFO = NO;
				SDKROOT = iphoneos;
				TARGETED_DEVICE_FAMILY = "1,2";
				VALIDATE_PRODUCT = YES;
			};
			name = Release;
		};
		195CC88A1CD0A78B007B93AB /* Debug */ = {
			isa = XCBuildConfiguration;
			buildSettings = {
				ASSETCATALOG_COMPILER_APPICON_NAME = AppIcon;
				INFOPLIST_FILE = menu3d/Info.plist;
				IPHONEOS_DEPLOYMENT_TARGET = 8.0;
				LD_RUNPATH_SEARCH_PATHS = "$(inherited) @executable_path/Frameworks";
				PRODUCT_BUNDLE_IDENTIFIER = uqsoft.menu3d;
				PRODUCT_NAME = "$(TARGET_NAME)";
			};
			name = Debug;
		};
		195CC88B1CD0A78B007B93AB /* Release */ = {
			isa = XCBuildConfiguration;
			buildSettings = {
				ASSETCATALOG_COMPILER_APPICON_NAME = AppIcon;
				INFOPLIST_FILE = menu3d/Info.plist;
				IPHONEOS_DEPLOYMENT_TARGET = 8.0;
				LD_RUNPATH_SEARCH_PATHS = "$(inherited) @executable_path/Frameworks";
				PRODUCT_BUNDLE_IDENTIFIER = uqsoft.menu3d;
				PRODUCT_NAME = "$(TARGET_NAME)";
			};
			name = Release;
		};
/* End XCBuildConfiguration section */

/* Begin XCConfigurationList section */
		195CC8721CD0A78B007B93AB /* Build configuration list for PBXProject "menu3d" */ = {
			isa = XCConfigurationList;
			buildConfigurations = (
				195CC8871CD0A78B007B93AB /* Debug */,
				195CC8881CD0A78B007B93AB /* Release */,
			);
			defaultConfigurationIsVisible = 0;
			defaultConfigurationName = Release;
		};
		195CC8891CD0A78B007B93AB /* Build configuration list for PBXNativeTarget "menu3d" */ = {
			isa = XCConfigurationList;
			buildConfigurations = (
				195CC88A1CD0A78B007B93AB /* Debug */,
				195CC88B1CD0A78B007B93AB /* Release */,
			);
			defaultConfigurationIsVisible = 0;
			defaultConfigurationName = Release;
		};
/* End XCConfigurationList section */
	};
	rootObject = 195CC86F1CD0A78B007B93AB /* Project object */;
}
